// !$*UTF8*$!
{
	archiveVersion = 1;
	classes = {
	};
	objectVersion = 48;
	objects = {

/* Begin PBXBuildFile section */
		D15B51C62041FE2D00F9CED3 /* AppDelegate.swift in Sources */ = {isa = PBXBuildFile; fileRef = D15B51C52041FE2D00F9CED3 /* AppDelegate.swift */; };
		D15B51C82041FE2D00F9CED3 /* ViewController.swift in Sources */ = {isa = PBXBuildFile; fileRef = D15B51C72041FE2D00F9CED3 /* ViewController.swift */; };
		D15B51CB2041FE2D00F9CED3 /* Main.storyboard in Resources */ = {isa = PBXBuildFile; fileRef = D15B51C92041FE2D00F9CED3 /* Main.storyboard */; };
		D15B51CD2041FE2D00F9CED3 /* Assets.xcassets in Resources */ = {isa = PBXBuildFile; fileRef = D15B51CC2041FE2D00F9CED3 /* Assets.xcassets */; };
		D15B51D02041FE2D00F9CED3 /* LaunchScreen.storyboard in Resources */ = {isa = PBXBuildFile; fileRef = D15B51CE2041FE2D00F9CED3 /* LaunchScreen.storyboard */; };
		D15B51DB2041FE2D00F9CED3 /* CanvasTests.swift in Sources */ = {isa = PBXBuildFile; fileRef = D15B51DA2041FE2D00F9CED3 /* CanvasTests.swift */; };
		D15B51E62041FE2D00F9CED3 /* CanvasUITests.swift in Sources */ = {isa = PBXBuildFile; fileRef = D15B51E52041FE2D00F9CED3 /* CanvasUITests.swift */; };
/* End PBXBuildFile section */

/* Begin PBXContainerItemProxy section */
		D15B51D72041FE2D00F9CED3 /* PBXContainerItemProxy */ = {
			isa = PBXContainerItemProxy;
			containerPortal = D15B51BA2041FE2D00F9CED3 /* Project object */;
			proxyType = 1;
			remoteGlobalIDString = D15B51C12041FE2D00F9CED3;
			remoteInfo = Canvas;
		};
		D15B51E22041FE2D00F9CED3 /* PBXContainerItemProxy */ = {
			isa = PBXContainerItemProxy;
			containerPortal = D15B51BA2041FE2D00F9CED3 /* Project object */;
			proxyType = 1;
			remoteGlobalIDString = D15B51C12041FE2D00F9CED3;
			remoteInfo = Canvas;
		};
/* End PBXContainerItemProxy section */

/* Begin PBXFileReference section */
		D15B51C22041FE2D00F9CED3 /* Canvas.app */ = {isa = PBXFileReference; explicitFileType = wrapper.application; includeInIndex = 0; path = Canvas.app; sourceTree = BUILT_PRODUCTS_DIR; };
		D15B51C52041FE2D00F9CED3 /* AppDelegate.swift */ = {isa = PBXFileReference; lastKnownFileType = sourcecode.swift; path = AppDelegate.swift; sourceTree = "<group>"; };
		D15B51C72041FE2D00F9CED3 /* ViewController.swift */ = {isa = PBXFileReference; lastKnownFileType = sourcecode.swift; path = ViewController.swift; sourceTree = "<group>"; };
		D15B51CA2041FE2D00F9CED3 /* Base */ = {isa = PBXFileReference; lastKnownFileType = file.storyboard; name = Base; path = Base.lproj/Main.storyboard; sourceTree = "<group>"; };
		D15B51CC2041FE2D00F9CED3 /* Assets.xcassets */ = {isa = PBXFileReference; lastKnownFileType = folder.assetcatalog; path = Assets.xcassets; sourceTree = "<group>"; };
		D15B51CF2041FE2D00F9CED3 /* Base */ = {isa = PBXFileReference; lastKnownFileType = file.storyboard; name = Base; path = Base.lproj/LaunchScreen.storyboard; sourceTree = "<group>"; };
		D15B51D12041FE2D00F9CED3 /* Info.plist */ = {isa = PBXFileReference; lastKnownFileType = text.plist.xml; path = Info.plist; sourceTree = "<group>"; };
		D15B51D62041FE2D00F9CED3 /* CanvasTests.xctest */ = {isa = PBXFileReference; explicitFileType = wrapper.cfbundle; includeInIndex = 0; path = CanvasTests.xctest; sourceTree = BUILT_PRODUCTS_DIR; };
		D15B51DA2041FE2D00F9CED3 /* CanvasTests.swift */ = {isa = PBXFileReference; lastKnownFileType = sourcecode.swift; path = CanvasTests.swift; sourceTree = "<group>"; };
		D15B51DC2041FE2D00F9CED3 /* Info.plist */ = {isa = PBXFileReference; lastKnownFileType = text.plist.xml; path = Info.plist; sourceTree = "<group>"; };
		D15B51E12041FE2D00F9CED3 /* CanvasUITests.xctest */ = {isa = PBXFileReference; explicitFileType = wrapper.cfbundle; includeInIndex = 0; path = CanvasUITests.xctest; sourceTree = BUILT_PRODUCTS_DIR; };
		D15B51E52041FE2D00F9CED3 /* CanvasUITests.swift */ = {isa = PBXFileReference; lastKnownFileType = sourcecode.swift; path = CanvasUITests.swift; sourceTree = "<group>"; };
		D15B51E72041FE2D00F9CED3 /* Info.plist */ = {isa = PBXFileReference; lastKnownFileType = text.plist.xml; path = Info.plist; sourceTree = "<group>"; };
/* End PBXFileReference section */

/* Begin PBXFrameworksBuildPhase section */
		D15B51BF2041FE2D00F9CED3 /* Frameworks */ = {
			isa = PBXFrameworksBuildPhase;
			buildActionMask = 2147483647;
			files = (
			);
			runOnlyForDeploymentPostprocessing = 0;
		};
		D15B51D32041FE2D00F9CED3 /* Frameworks */ = {
			isa = PBXFrameworksBuildPhase;
			buildActionMask = 2147483647;
			files = (
			);
			runOnlyForDeploymentPostprocessing = 0;
		};
		D15B51DE2041FE2D00F9CED3 /* Frameworks */ = {
			isa = PBXFrameworksBuildPhase;
			buildActionMask = 2147483647;
			files = (
			);
			runOnlyForDeploymentPostprocessing = 0;
		};
/* End PBXFrameworksBuildPhase section */

/* Begin PBXGroup section */
		D15B51B92041FE2D00F9CED3 = {
			isa = PBXGroup;
			children = (
				D15B51C42041FE2D00F9CED3 /* Canvas */,
				D15B51D92041FE2D00F9CED3 /* CanvasTests */,
				D15B51E42041FE2D00F9CED3 /* CanvasUITests */,
				D15B51C32041FE2D00F9CED3 /* Products */,
			);
			sourceTree = "<group>";
		};
		D15B51C32041FE2D00F9CED3 /* Products */ = {
			isa = PBXGroup;
			children = (
				D15B51C22041FE2D00F9CED3 /* Canvas.app */,
				D15B51D62041FE2D00F9CED3 /* CanvasTests.xctest */,
				D15B51E12041FE2D00F9CED3 /* CanvasUITests.xctest */,
			);
			name = Products;
			sourceTree = "<group>";
		};
		D15B51C42041FE2D00F9CED3 /* Canvas */ = {
			isa = PBXGroup;
			children = (
				D15B51C52041FE2D00F9CED3 /* AppDelegate.swift */,
				D15B51C72041FE2D00F9CED3 /* ViewController.swift */,
				D15B51C92041FE2D00F9CED3 /* Main.storyboard */,
				D15B51CC2041FE2D00F9CED3 /* Assets.xcassets */,
				D15B51CE2041FE2D00F9CED3 /* LaunchScreen.storyboard */,
				D15B51D12041FE2D00F9CED3 /* Info.plist */,
			);
			path = Canvas;
			sourceTree = "<group>";
		};
		D15B51D92041FE2D00F9CED3 /* CanvasTests */ = {
			isa = PBXGroup;
			children = (
				D15B51DA2041FE2D00F9CED3 /* CanvasTests.swift */,
				D15B51DC2041FE2D00F9CED3 /* Info.plist */,
			);
			path = CanvasTests;
			sourceTree = "<group>";
		};
		D15B51E42041FE2D00F9CED3 /* CanvasUITests */ = {
			isa = PBXGroup;
			children = (
				D15B51E52041FE2D00F9CED3 /* CanvasUITests.swift */,
				D15B51E72041FE2D00F9CED3 /* Info.plist */,
			);
			path = CanvasUITests;
			sourceTree = "<group>";
		};
/* End PBXGroup section */

/* Begin PBXNativeTarget section */
		D15B51C12041FE2D00F9CED3 /* Canvas */ = {
			isa = PBXNativeTarget;
			buildConfigurationList = D15B51EA2041FE2D00F9CED3 /* Build configuration list for PBXNativeTarget "Canvas" */;
			buildPhases = (
				D15B51BE2041FE2D00F9CED3 /* Sources */,
				D15B51BF2041FE2D00F9CED3 /* Frameworks */,
				D15B51C02041FE2D00F9CED3 /* Resources */,
			);
			buildRules = (
			);
			dependencies = (
			);
			name = Canvas;
			productName = Canvas;
			productReference = D15B51C22041FE2D00F9CED3 /* Canvas.app */;
			productType = "com.apple.product-type.application";
		};
		D15B51D52041FE2D00F9CED3 /* CanvasTests */ = {
			isa = PBXNativeTarget;
			buildConfigurationList = D15B51ED2041FE2D00F9CED3 /* Build configuration list for PBXNativeTarget "CanvasTests" */;
			buildPhases = (
				D15B51D22041FE2D00F9CED3 /* Sources */,
				D15B51D32041FE2D00F9CED3 /* Frameworks */,
				D15B51D42041FE2D00F9CED3 /* Resources */,
			);
			buildRules = (
			);
			dependencies = (
				D15B51D82041FE2D00F9CED3 /* PBXTargetDependency */,
			);
			name = CanvasTests;
			productName = CanvasTests;
			productReference = D15B51D62041FE2D00F9CED3 /* CanvasTests.xctest */;
			productType = "com.apple.product-type.bundle.unit-test";
		};
		D15B51E02041FE2D00F9CED3 /* CanvasUITests */ = {
			isa = PBXNativeTarget;
			buildConfigurationList = D15B51F02041FE2D00F9CED3 /* Build configuration list for PBXNativeTarget "CanvasUITests" */;
			buildPhases = (
				D15B51DD2041FE2D00F9CED3 /* Sources */,
				D15B51DE2041FE2D00F9CED3 /* Frameworks */,
				D15B51DF2041FE2D00F9CED3 /* Resources */,
			);
			buildRules = (
			);
			dependencies = (
				D15B51E32041FE2D00F9CED3 /* PBXTargetDependency */,
			);
			name = CanvasUITests;
			productName = CanvasUITests;
			productReference = D15B51E12041FE2D00F9CED3 /* CanvasUITests.xctest */;
			productType = "com.apple.product-type.bundle.ui-testing";
		};
/* End PBXNativeTarget section */

/* Begin PBXProject section */
		D15B51BA2041FE2D00F9CED3 /* Project object */ = {
			isa = PBXProject;
			attributes = {
				LastSwiftUpdateCheck = 0910;
				LastUpgradeCheck = 0910;
				ORGANIZATIONNAME = "Pallav Kamojjhala";
				TargetAttributes = {
					D15B51C12041FE2D00F9CED3 = {
						CreatedOnToolsVersion = 9.1;
						ProvisioningStyle = Automatic;
					};
					D15B51D52041FE2D00F9CED3 = {
						CreatedOnToolsVersion = 9.1;
						ProvisioningStyle = Automatic;
						TestTargetID = D15B51C12041FE2D00F9CED3;
					};
					D15B51E02041FE2D00F9CED3 = {
						CreatedOnToolsVersion = 9.1;
						ProvisioningStyle = Automatic;
						TestTargetID = D15B51C12041FE2D00F9CED3;
					};
				};
			};
			buildConfigurationList = D15B51BD2041FE2D00F9CED3 /* Build configuration list for PBXProject "Canvas" */;
			compatibilityVersion = "Xcode 8.0";
			developmentRegion = en;
			hasScannedForEncodings = 0;
			knownRegions = (
				en,
				Base,
			);
			mainGroup = D15B51B92041FE2D00F9CED3;
			productRefGroup = D15B51C32041FE2D00F9CED3 /* Products */;
			projectDirPath = "";
			projectRoot = "";
			targets = (
				D15B51C12041FE2D00F9CED3 /* Canvas */,
				D15B51D52041FE2D00F9CED3 /* CanvasTests */,
				D15B51E02041FE2D00F9CED3 /* CanvasUITests */,
			);
		};
/* End PBXProject section */

/* Begin PBXResourcesBuildPhase section */
		D15B51C02041FE2D00F9CED3 /* Resources */ = {
			isa = PBXResourcesBuildPhase;
			buildActionMask = 2147483647;
			files = (
				D15B51D02041FE2D00F9CED3 /* LaunchScreen.storyboard in Resources */,
				D15B51CD2041FE2D00F9CED3 /* Assets.xcassets in Resources */,
				D15B51CB2041FE2D00F9CED3 /* Main.storyboard in Resources */,
			);
			runOnlyForDeploymentPostprocessing = 0;
		};
		D15B51D42041FE2D00F9CED3 /* Resources */ = {
			isa = PBXResourcesBuildPhase;
			buildActionMask = 2147483647;
			files = (
			);
			runOnlyForDeploymentPostprocessing = 0;
		};
		D15B51DF2041FE2D00F9CED3 /* Resources */ = {
			isa = PBXResourcesBuildPhase;
			buildActionMask = 2147483647;
			files = (
			);
			runOnlyForDeploymentPostprocessing = 0;
		};
/* End PBXResourcesBuildPhase section */

/* Begin PBXSourcesBuildPhase section */
		D15B51BE2041FE2D00F9CED3 /* Sources */ = {
			isa = PBXSourcesBuildPhase;
			buildActionMask = 2147483647;
			files = (
				D15B51C82041FE2D00F9CED3 /* ViewController.swift in Sources */,
				D15B51C62041FE2D00F9CED3 /* AppDelegate.swift in Sources */,
			);
			runOnlyForDeploymentPostprocessing = 0;
		};
		D15B51D22041FE2D00F9CED3 /* Sources */ = {
			isa = PBXSourcesBuildPhase;
			buildActionMask = 2147483647;
			files = (
				D15B51DB2041FE2D00F9CED3 /* CanvasTests.swift in Sources */,
			);
			runOnlyForDeploymentPostprocessing = 0;
		};
		D15B51DD2041FE2D00F9CED3 /* Sources */ = {
			isa = PBXSourcesBuildPhase;
			buildActionMask = 2147483647;
			files = (
				D15B51E62041FE2D00F9CED3 /* CanvasUITests.swift in Sources */,
			);
			runOnlyForDeploymentPostprocessing = 0;
		};
/* End PBXSourcesBuildPhase section */

/* Begin PBXTargetDependency section */
		D15B51D82041FE2D00F9CED3 /* PBXTargetDependency */ = {
			isa = PBXTargetDependency;
			target = D15B51C12041FE2D00F9CED3 /* Canvas */;
			targetProxy = D15B51D72041FE2D00F9CED3 /* PBXContainerItemProxy */;
		};
		D15B51E32041FE2D00F9CED3 /* PBXTargetDependency */ = {
			isa = PBXTargetDependency;
			target = D15B51C12041FE2D00F9CED3 /* Canvas */;
			targetProxy = D15B51E22041FE2D00F9CED3 /* PBXContainerItemProxy */;
		};
/* End PBXTargetDependency section */

/* Begin PBXVariantGroup section */
		D15B51C92041FE2D00F9CED3 /* Main.storyboard */ = {
			isa = PBXVariantGroup;
			children = (
				D15B51CA2041FE2D00F9CED3 /* Base */,
			);
			name = Main.storyboard;
			sourceTree = "<group>";
		};
		D15B51CE2041FE2D00F9CED3 /* LaunchScreen.storyboard */ = {
			isa = PBXVariantGroup;
			children = (
				D15B51CF2041FE2D00F9CED3 /* Base */,
			);
			name = LaunchScreen.storyboard;
			sourceTree = "<group>";
		};
/* End PBXVariantGroup section */

/* Begin XCBuildConfiguration section */
		D15B51E82041FE2D00F9CED3 /* Debug */ = {
			isa = XCBuildConfiguration;
			buildSettings = {
				ALWAYS_SEARCH_USER_PATHS = NO;
				CLANG_ANALYZER_NONNULL = YES;
				CLANG_ANALYZER_NUMBER_OBJECT_CONVERSION = YES_AGGRESSIVE;
				CLANG_CXX_LANGUAGE_STANDARD = "gnu++14";
				CLANG_CXX_LIBRARY = "libc++";
				CLANG_ENABLE_MODULES = YES;
				CLANG_ENABLE_OBJC_ARC = YES;
				CLANG_WARN_BLOCK_CAPTURE_AUTORELEASING = YES;
				CLANG_WARN_BOOL_CONVERSION = YES;
				CLANG_WARN_COMMA = YES;
				CLANG_WARN_CONSTANT_CONVERSION = YES;
				CLANG_WARN_DIRECT_OBJC_ISA_USAGE = YES_ERROR;
				CLANG_WARN_DOCUMENTATION_COMMENTS = YES;
				CLANG_WARN_EMPTY_BODY = YES;
				CLANG_WARN_ENUM_CONVERSION = YES;
				CLANG_WARN_INFINITE_RECURSION = YES;
				CLANG_WARN_INT_CONVERSION = YES;
				CLANG_WARN_NON_LITERAL_NULL_CONVERSION = YES;
				CLANG_WARN_OBJC_LITERAL_CONVERSION = YES;
				CLANG_WARN_OBJC_ROOT_CLASS = YES_ERROR;
				CLANG_WARN_RANGE_LOOP_ANALYSIS = YES;
				CLANG_WARN_STRICT_PROTOTYPES = YES;
				CLANG_WARN_SUSPICIOUS_MOVE = YES;
				CLANG_WARN_UNGUARDED_AVAILABILITY = YES_AGGRESSIVE;
				CLANG_WARN_UNREACHABLE_CODE = YES;
				CLANG_WARN__DUPLICATE_METHOD_MATCH = YES;
				CODE_SIGN_IDENTITY = "iPhone Developer";
				COPY_PHASE_STRIP = NO;
				DEBUG_INFORMATION_FORMAT = dwarf;
				ENABLE_STRICT_OBJC_MSGSEND = YES;
				ENABLE_TESTABILITY = YES;
				GCC_C_LANGUAGE_STANDARD = gnu11;
				GCC_DYNAMIC_NO_PIC = NO;
				GCC_NO_COMMON_BLOCKS = YES;
				GCC_OPTIMIZATION_LEVEL = 0;
				GCC_PREPROCESSOR_DEFINITIONS = (
					"DEBUG=1",
					"$(inherited)",
				);
				GCC_WARN_64_TO_32_BIT_CONVERSION = YES;
				GCC_WARN_ABOUT_RETURN_TYPE = YES_ERROR;
				GCC_WARN_UNDECLARED_SELECTOR = YES;
				GCC_WARN_UNINITIALIZED_AUTOS = YES_AGGRESSIVE;
				GCC_WARN_UNUSED_FUNCTION = YES;
				GCC_WARN_UNUSED_VARIABLE = YES;
				IPHONEOS_DEPLOYMENT_TARGET = 11.1;
				MTL_ENABLE_DEBUG_INFO = YES;
				ONLY_ACTIVE_ARCH = YES;
				SDKROOT = iphoneos;
				SWIFT_ACTIVE_COMPILATION_CONDITIONS = DEBUG;
				SWIFT_OPTIMIZATION_LEVEL = "-Onone";
			};
			name = Debug;
		};
		D15B51E92041FE2D00F9CED3 /* Release */ = {
			isa = XCBuildConfiguration;
			buildSettings = {
				ALWAYS_SEARCH_USER_PATHS = NO;
				CLANG_ANALYZER_NONNULL = YES;
				CLANG_ANALYZER_NUMBER_OBJECT_CONVERSION = YES_AGGRESSIVE;
				CLANG_CXX_LANGUAGE_STANDARD = "gnu++14";
				CLANG_CXX_LIBRARY = "libc++";
				CLANG_ENABLE_MODULES = YES;
				CLANG_ENABLE_OBJC_ARC = YES;
				CLANG_WARN_BLOCK_CAPTURE_AUTORELEASING = YES;
				CLANG_WARN_BOOL_CONVERSION = YES;
				CLANG_WARN_COMMA = YES;
				CLANG_WARN_CONSTANT_CONVERSION = YES;
				CLANG_WARN_DIRECT_OBJC_ISA_USAGE = YES_ERROR;
				CLANG_WARN_DOCUMENTATION_COMMENTS = YES;
				CLANG_WARN_EMPTY_BODY = YES;
				CLANG_WARN_ENUM_CONVERSION = YES;
				CLANG_WARN_INFINITE_RECURSION = YES;
				CLANG_WARN_INT_CONVERSION = YES;
				CLANG_WARN_NON_LITERAL_NULL_CONVERSION = YES;
				CLANG_WARN_OBJC_LITERAL_CONVERSION = YES;
				CLANG_WARN_OBJC_ROOT_CLASS = YES_ERROR;
				CLANG_WARN_RANGE_LOOP_ANALYSIS = YES;
				CLANG_WARN_STRICT_PROTOTYPES = YES;
				CLANG_WARN_SUSPICIOUS_MOVE = YES;
				CLANG_WARN_UNGUARDED_AVAILABILITY = YES_AGGRESSIVE;
				CLANG_WARN_UNREACHABLE_CODE = YES;
				CLANG_WARN__DUPLICATE_METHOD_MATCH = YES;
				CODE_SIGN_IDENTITY = "iPhone Developer";
				COPY_PHASE_STRIP = NO;
				DEBUG_INFORMATION_FORMAT = "dwarf-with-dsym";
				ENABLE_NS_ASSERTIONS = NO;
				ENABLE_STRICT_OBJC_MSGSEND = YES;
				GCC_C_LANGUAGE_STANDARD = gnu11;
				GCC_NO_COMMON_BLOCKS = YES;
				GCC_WARN_64_TO_32_BIT_CONVERSION = YES;
				GCC_WARN_ABOUT_RETURN_TYPE = YES_ERROR;
				GCC_WARN_UNDECLARED_SELECTOR = YES;
				GCC_WARN_UNINITIALIZED_AUTOS = YES_AGGRESSIVE;
				GCC_WARN_UNUSED_FUNCTION = YES;
				GCC_WARN_UNUSED_VARIABLE = YES;
				IPHONEOS_DEPLOYMENT_TARGET = 11.1;
				MTL_ENABLE_DEBUG_INFO = NO;
				SDKROOT = iphoneos;
				SWIFT_OPTIMIZATION_LEVEL = "-Owholemodule";
				VALIDATE_PRODUCT = YES;
			};
			name = Release;
		};
		D15B51EB2041FE2D00F9CED3 /* Debug */ = {
			isa = XCBuildConfiguration;
			buildSettings = {
				ASSETCATALOG_COMPILER_APPICON_NAME = AppIcon;
				CODE_SIGN_STYLE = Automatic;
				INFOPLIST_FILE = Canvas/Info.plist;
				LD_RUNPATH_SEARCH_PATHS = "$(inherited) @executable_path/Frameworks";
				PRODUCT_BUNDLE_IDENTIFIER = pallav.Canvas;
				PRODUCT_NAME = "$(TARGET_NAME)";
				SWIFT_VERSION = 4.0;
				TARGETED_DEVICE_FAMILY = "1,2";
			};
			name = Debug;
		};
		D15B51EC2041FE2D00F9CED3 /* Release */ = {
			isa = XCBuildConfiguration;
			buildSettings = {
				ASSETCATALOG_COMPILER_APPICON_NAME = AppIcon;
				CODE_SIGN_STYLE = Automatic;
				INFOPLIST_FILE = Canvas/Info.plist;
				LD_RUNPATH_SEARCH_PATHS = "$(inherited) @executable_path/Frameworks";
				PRODUCT_BUNDLE_IDENTIFIER = pallav.Canvas;
				PRODUCT_NAME = "$(TARGET_NAME)";
				SWIFT_VERSION = 4.0;
				TARGETED_DEVICE_FAMILY = "1,2";
			};
			name = Release;
		};
		D15B51EE2041FE2D00F9CED3 /* Debug */ = {
			isa = XCBuildConfiguration;
			buildSettings = {
				ALWAYS_EMBED_SWIFT_STANDARD_LIBRARIES = YES;
				BUNDLE_LOADER = "$(TEST_HOST)";
				CODE_SIGN_STYLE = Automatic;
				INFOPLIST_FILE = CanvasTests/Info.plist;
				LD_RUNPATH_SEARCH_PATHS = "$(inherited) @executable_path/Frameworks @loader_path/Frameworks";
				PRODUCT_BUNDLE_IDENTIFIER = pallav.CanvasTests;
				PRODUCT_NAME = "$(TARGET_NAME)";
				SWIFT_VERSION = 4.0;
				TARGETED_DEVICE_FAMILY = "1,2";
				TEST_HOST = "$(BUILT_PRODUCTS_DIR)/Canvas.app/Canvas";
			};
			name = Debug;
		};
		D15B51EF2041FE2D00F9CED3 /* Release */ = {
			isa = XCBuildConfiguration;
			buildSettings = {
				ALWAYS_EMBED_SWIFT_STANDARD_LIBRARIES = YES;
				BUNDLE_LOADER = "$(TEST_HOST)";
				CODE_SIGN_STYLE = Automatic;
				INFOPLIST_FILE = CanvasTests/Info.plist;
				LD_RUNPATH_SEARCH_PATHS = "$(inherited) @executable_path/Frameworks @loader_path/Frameworks";
				PRODUCT_BUNDLE_IDENTIFIER = pallav.CanvasTests;
				PRODUCT_NAME = "$(TARGET_NAME)";
				SWIFT_VERSION = 4.0;
				TARGETED_DEVICE_FAMILY = "1,2";
				TEST_HOST = "$(BUILT_PRODUCTS_DIR)/Canvas.app/Canvas";
			};
			name = Release;
		};
		D15B51F12041FE2D00F9CED3 /* Debug */ = {
			isa = XCBuildConfiguration;
			buildSettings = {
				ALWAYS_EMBED_SWIFT_STANDARD_LIBRARIES = YES;
				CODE_SIGN_STYLE = Automatic;
				INFOPLIST_FILE = CanvasUITests/Info.plist;
				LD_RUNPATH_SEARCH_PATHS = "$(inherited) @executable_path/Frameworks @loader_path/Frameworks";
				PRODUCT_BUNDLE_IDENTIFIER = pallav.CanvasUITests;
				PRODUCT_NAME = "$(TARGET_NAME)";
				SWIFT_VERSION = 4.0;
				TARGETED_DEVICE_FAMILY = "1,2";
				TEST_TARGET_NAME = Canvas;
			};
			name = Debug;
		};
		D15B51F22041FE2D00F9CED3 /* Release */ = {
			isa = XCBuildConfiguration;
			buildSettings = {
				ALWAYS_EMBED_SWIFT_STANDARD_LIBRARIES = YES;
				CODE_SIGN_STYLE = Automatic;
				INFOPLIST_FILE = CanvasUITests/Info.plist;
				LD_RUNPATH_SEARCH_PATHS = "$(inherited) @executable_path/Frameworks @loader_path/Frameworks";
				PRODUCT_BUNDLE_IDENTIFIER = pallav.CanvasUITests;
				PRODUCT_NAME = "$(TARGET_NAME)";
				SWIFT_VERSION = 4.0;
				TARGETED_DEVICE_FAMILY = "1,2";
				TEST_TARGET_NAME = Canvas;
			};
			name = Release;
		};
/* End XCBuildConfiguration section */

/* Begin XCConfigurationList section */
		D15B51BD2041FE2D00F9CED3 /* Build configuration list for PBXProject "Canvas" */ = {
			isa = XCConfigurationList;
			buildConfigurations = (
				D15B51E82041FE2D00F9CED3 /* Debug */,
				D15B51E92041FE2D00F9CED3 /* Release */,
			);
			defaultConfigurationIsVisible = 0;
			defaultConfigurationName = Release;
		};
		D15B51EA2041FE2D00F9CED3 /* Build configuration list for PBXNativeTarget "Canvas" */ = {
			isa = XCConfigurationList;
			buildConfigurations = (
				D15B51EB2041FE2D00F9CED3 /* Debug */,
				D15B51EC2041FE2D00F9CED3 /* Release */,
			);
			defaultConfigurationIsVisible = 0;
			defaultConfigurationName = Release;
		};
		D15B51ED2041FE2D00F9CED3 /* Build configuration list for PBXNativeTarget "CanvasTests" */ = {
			isa = XCConfigurationList;
			buildConfigurations = (
				D15B51EE2041FE2D00F9CED3 /* Debug */,
				D15B51EF2041FE2D00F9CED3 /* Release */,
			);
			defaultConfigurationIsVisible = 0;
			defaultConfigurationName = Release;
		};
		D15B51F02041FE2D00F9CED3 /* Build configuration list for PBXNativeTarget "CanvasUITests" */ = {
			isa = XCConfigurationList;
			buildConfigurations = (
				D15B51F12041FE2D00F9CED3 /* Debug */,
				D15B51F22041FE2D00F9CED3 /* Release */,
			);
			defaultConfigurationIsVisible = 0;
			defaultConfigurationName = Release;
		};
/* End XCConfigurationList section */
	};
	rootObject = D15B51BA2041FE2D00F9CED3 /* Project object */;
}
